
Microsoft Visual Studio Solution File, Format Version 12.00
# Visual Studio Version 18
VisualStudioVersion = 18.5.11709.299 stable
MinimumVisualStudioVersion = 10.0.40219.1
Project("{2150E333-8FDC-42A3-9474-1A3956D46DE8}") = "services", "services", "{02EA681E-C7D8-13C7-8484-4AC65E1B71E8}"
EndProject
Project("{2150E333-8FDC-42A3-9474-1A3956D46DE8}") = "BuildingBlocks", "BuildingBlocks", "{C2E0B250-AF6B-4DCA-BFF7-CE9AC2F5C53B}"
EndProject
Project("{FAE04EC0-301F-11D3-BF4B-00C04F79EFBC}") = "API Gateway", "API Gateway\API Gateway.csproj", "{09A3DACA-D18A-4057-8CED-F553691BD460}"
EndProject
Project("{2150E333-8FDC-42A3-9474-1A3956D46DE8}") = "AuthService", "AuthService", "{12A1530D-871A-4F2B-A0AF-A4B9C32880D2}"
EndProject
Project("{FAE04EC0-301F-11D3-BF4B-00C04F79EFBC}") = "AuthService.Domain", "AuthService.Domain\AuthService.Domain.csproj", "{04DD97C1-57CC-42FB-9316-9FCAF4A33A3D}"
EndProject
Project("{FAE04EC0-301F-11D3-BF4B-00C04F79EFBC}") = "AuthService.Application", "AuthService.Application\AuthService.Application.csproj", "{4A43F8AD-A143-47FA-8D5E-22F5CA65D351}"
EndProject
Project("{FAE04EC0-301F-11D3-BF4B-00C04F79EFBC}") = "AuthService.Infrastructure", "AuthService.Infrastructure\AuthService.Infrastructure.csproj", "{AE7DDA6F-8BB7-4585-8630-09F01AC1A7D8}"
EndProject
Project("{FAE04EC0-301F-11D3-BF4B-00C04F79EFBC}") = "AuthService.API", "AuthService.API\AuthService.API.csproj", "{818CEB85-66F8-4168-9B85-5BF7FC70A5A6}"
EndProject
Project("{2150E333-8FDC-42A3-9474-1A3956D46DE8}") = "NotificationService", "NotificationService", "{44354CD1-6F83-4B3F-9906-26F82C565EB3}"
EndProject
Project("{FAE04EC0-301F-11D3-BF4B-00C04F79EFBC}") = "NotificationService.Domain", "NotificationService.Domain\NotificationService.Domain.csproj", "{99FA34EE-D8B6-4BE3-9A75-C0ECA693CA4B}"
EndProject
Project("{FAE04EC0-301F-11D3-BF4B-00C04F79EFBC}") = "NotificationService.Application", "NotificationService.Application\NotificationService.Application.csproj", "{BCFD2B56-08BB-49B4-9218-CBBBCE6A3C76}"
EndProject
Project("{FAE04EC0-301F-11D3-BF4B-00C04F79EFBC}") = "NotificationService.infrastructure", "NotificationService.infrastructure\NotificationService.infrastructure.csproj", "{D155C2D4-1348-4DDC-A33B-1C8F16B08B13}"
EndProject
Project("{FAE04EC0-301F-11D3-BF4B-00C04F79EFBC}") = "NotificationService.API", "NotificationService.API\NotificationService.API.csproj", "{5FF3BA33-C51A-442A-886B-FB0882F773B3}"
EndProject
Project("{2150E333-8FDC-42A3-9474-1A3956D46DE8}") = "PaymentProcessor", "PaymentProcessor", "{7C180145-F0C6-4310-8124-078B60A15831}"
EndProject
Project("{FAE04EC0-301F-11D3-BF4B-00C04F79EFBC}") = "PaymentProcessor.Domain", "PaymentProcessor.Domain\PaymentProcessor.Domain.csproj", "{214811B8-5C4F-443C-9DC2-58D5FD3E3469}"
EndProject
Project("{FAE04EC0-301F-11D3-BF4B-00C04F79EFBC}") = "PaymentProcessor.Application", "PaymentProcessor.Application\PaymentProcessor.Application.csproj", "{D7A5AFCC-3067-4F9A-928C-DBD139975F69}"
EndProject
Project("{FAE04EC0-301F-11D3-BF4B-00C04F79EFBC}") = "PaymentProcessor.Infrastructure", "PaymentProcessor.Infrastructure\PaymentProcessor.Infrastructure.csproj", "{CD606BEA-5640-41F9-8323-F65E80A97416}"
EndProject
Project("{FAE04EC0-301F-11D3-BF4B-00C04F79EFBC}") = "PaymentProcessor.API", "PaymentProcessor.API\PaymentProcessor.API.csproj", "{BC1D2961-D53F-4FBB-9981-B0AAB6374F28}"
EndProject
Project("{2150E333-8FDC-42A3-9474-1A3956D46DE8}") = "PaymentService", "PaymentService", "{1ECA12C0-EE92-4131-BDBE-167E0E7089C3}"
EndProject
Project("{FAE04EC0-301F-11D3-BF4B-00C04F79EFBC}") = "PaymentService.Domain", "PaymentService.Domain\PaymentService.Domain.csproj", "{16BD6C30-C1F3-4824-A669-A7327A5185D2}"
EndProject
Project("{FAE04EC0-301F-11D3-BF4B-00C04F79EFBC}") = "PaymentService.Application", "PaymentService.Application\PaymentService.Application.csproj", "{846E6422-1819-49D8-A528-F31D361372D9}"
EndProject
Project("{FAE04EC0-301F-11D3-BF4B-00C04F79EFBC}") = "PaymentService.Infrastructure", "PaymentService.Infrastructure\PaymentService.Infrastructure.csproj", "{7166EC3A-A058-4981-BFFE-7A71AB9689EC}"
EndProject
Project("{FAE04EC0-301F-11D3-BF4B-00C04F79EFBC}") = "PaymentService.API", "PaymentService.API\PaymentService.API.csproj", "{4964E077-083D-4213-9EE0-C09C83ABBCA1}"
EndProject
Project("{2150E333-8FDC-42A3-9474-1A3956D46DE8}") = "PayoutService", "PayoutService", "{697D8FED-C47A-42E6-8F72-3D47F1FBDACF}"
EndProject
Project("{FAE04EC0-301F-11D3-BF4B-00C04F79EFBC}") = "PayoutService.API", "PayoutService.API\PayoutService.API.csproj", "{340207E4-BCA2-4677-8C99-3649589513AB}"
EndProject
Project("{FAE04EC0-301F-11D3-BF4B-00C04F79EFBC}") = "PayoutService.Domain", "PayoutService.Domain\PayoutService.Domain.csproj", "{3F6F348E-5494-4864-9E86-BA1AEB5705A2}"
EndProject
Project("{FAE04EC0-301F-11D3-BF4B-00C04F79EFBC}") = "PayoutService.Application", "PayoutService.Application\PayoutService.Application.csproj", "{A7ED809B-8CAB-4857-9A4E-7C447BF5293E}"
EndProject
Project("{FAE04EC0-301F-11D3-BF4B-00C04F79EFBC}") = "PayoutService.Infrastructure", "PayoutService.Infrastructure\PayoutService.Infrastructure.csproj", "{0A930C7B-AFE3-4724-B571-91336AC76D7B}"
EndProject
Project("{2150E333-8FDC-42A3-9474-1A3956D46DE8}") = "UserService", "UserService", "{E8C434DB-EFAD-4D72-B644-667F09850DFD}"
EndProject
Project("{FAE04EC0-301F-11D3-BF4B-00C04F79EFBC}") = "UserService.Domain", "UserService.Domain\UserService.Domain.csproj", "{29B3AD98-F9A1-43C5-9CF4-DF034AFFF30F}"
EndProject
Project("{FAE04EC0-301F-11D3-BF4B-00C04F79EFBC}") = "UserService.Application", "UserService.Application\UserService.Application.csproj", "{8C50A5E0-76F2-44E2-86D6-FD1BDC53DAB4}"
EndProject
Project("{FAE04EC0-301F-11D3-BF4B-00C04F79EFBC}") = "UserService.Infrastructure", "UserService.Infrastructure\UserService.Infrastructure.csproj", "{571F4D4B-B0BC-4F67-9940-5365F4D27143}"
EndProject
Project("{FAE04EC0-301F-11D3-BF4B-00C04F79EFBC}") = "UserService.API", "UserService.API\UserService.API.csproj", "{21A5206E-4553-475C-AFE1-CDE1D38B1BD5}"
EndProject
Project("{2150E333-8FDC-42A3-9474-1A3956D46DE8}") = "WalletService", "WalletService", "{357224A6-81DF-4A9B-B0A9-64601FC50384}"
EndProject
Project("{FAE04EC0-301F-11D3-BF4B-00C04F79EFBC}") = "WalletService.API", "WalletService.API\WalletService.API.csproj", "{4BEE8713-00D8-4792-9D19-414A3A5B920D}"
EndProject
Project("{FAE04EC0-301F-11D3-BF4B-00C04F79EFBC}") = "WalletService.Domain", "WalletService.Domain\WalletService.Domain.csproj", "{6EA15E73-A9E0-49F1-A822-066047A5FFA8}"
EndProject
Project("{FAE04EC0-301F-11D3-BF4B-00C04F79EFBC}") = "WalletService.Application", "WalletService.Application\WalletService.Application.csproj", "{ED83FE44-F83C-4B38-B6B3-412E13D8C9FD}"
EndProject
Project("{FAE04EC0-301F-11D3-BF4B-00C04F79EFBC}") = "WalletService.Infrastructure", "WalletService.Infrastructure\WalletService.Infrastructure.csproj", "{158D59D7-C148-4994-8AFE-61DB187016E6}"
EndProject
Project("{FAE04EC0-301F-11D3-BF4B-00C04F79EFBC}") = "Contracts", "Contracts\Contracts.csproj", "{225BF565-98F6-424A-8AC2-BC3BBAFE6285}"
EndProject
Project("{FAE04EC0-301F-11D3-BF4B-00C04F79EFBC}") = "EventBus", "EventBus\EventBus.csproj", "{957C9990-225E-427F-9B86-0D82A2852FEE}"
EndProject
Project("{FAE04EC0-301F-11D3-BF4B-00C04F79EFBC}") = "SharedKernel", "SharedKernel\SharedKernel.csproj", "{34E4E08C-D2C5-4C54-8A92-8577F8D66321}"
EndProject
Global
	GlobalSection(SolutionConfigurationPlatforms) = preSolution
		Debug|Any CPU = Debug|Any CPU
		Release|Any CPU = Release|Any CPU
	EndGlobalSection
	GlobalSection(ProjectConfigurationPlatforms) = postSolution
		{09A3DACA-D18A-4057-8CED-F553691BD460}.Debug|Any CPU.ActiveCfg = Debug|Any CPU
		{09A3DACA-D18A-4057-8CED-F553691BD460}.Debug|Any CPU.Build.0 = Debug|Any CPU
		{09A3DACA-D18A-4057-8CED-F553691BD460}.Release|Any CPU.ActiveCfg = Release|Any CPU
		{09A3DACA-D18A-4057-8CED-F553691BD460}.Release|Any CPU.Build.0 = Release|Any CPU
		{04DD97C1-57CC-42FB-9316-9FCAF4A33A3D}.Debug|Any CPU.ActiveCfg = Debug|Any CPU
		{04DD97C1-57CC-42FB-9316-9FCAF4A33A3D}.Debug|Any CPU.Build.0 = Debug|Any CPU
		{04DD97C1-57CC-42FB-9316-9FCAF4A33A3D}.Release|Any CPU.ActiveCfg = Release|Any CPU
		{04DD97C1-57CC-42FB-9316-9FCAF4A33A3D}.Release|Any CPU.Build.0 = Release|Any CPU
		{4A43F8AD-A143-47FA-8D5E-22F5CA65D351}.Debug|Any CPU.ActiveCfg = Debug|Any CPU
		{4A43F8AD-A143-47FA-8D5E-22F5CA65D351}.Debug|Any CPU.Build.0 = Debug|Any CPU
		{4A43F8AD-A143-47FA-8D5E-22F5CA65D351}.Release|Any CPU.ActiveCfg = Release|Any CPU
		{4A43F8AD-A143-47FA-8D5E-22F5CA65D351}.Release|Any CPU.Build.0 = Release|Any CPU
		{AE7DDA6F-8BB7-4585-8630-09F01AC1A7D8}.Debug|Any CPU.ActiveCfg = Debug|Any CPU
		{AE7DDA6F-8BB7-4585-8630-09F01AC1A7D8}.Debug|Any CPU.Build.0 = Debug|Any CPU
		{AE7DDA6F-8BB7-4585-8630-09F01AC1A7D8}.Release|Any CPU.ActiveCfg = Release|Any CPU
		{AE7DDA6F-8BB7-4585-8630-09F01AC1A7D8}.Release|Any CPU.Build.0 = Release|Any CPU
		{818CEB85-66F8-4168-9B85-5BF7FC70A5A6}.Debug|Any CPU.ActiveCfg = Debug|Any CPU
		{818CEB85-66F8-4168-9B85-5BF7FC70A5A6}.Debug|Any CPU.Build.0 = Debug|Any CPU
		{818CEB85-66F8-4168-9B85-5BF7FC70A5A6}.Release|Any CPU.ActiveCfg = Release|Any CPU
		{818CEB85-66F8-4168-9B85-5BF7FC70A5A6}.Release|Any CPU.Build.0 = Release|Any CPU
		{99FA34EE-D8B6-4BE3-9A75-C0ECA693CA4B}.Debug|Any CPU.ActiveCfg = Debug|Any CPU
		{99FA34EE-D8B6-4BE3-9A75-C0ECA693CA4B}.Debug|Any CPU.Build.0 = Debug|Any CPU
		{99FA34EE-D8B6-4BE3-9A75-C0ECA693CA4B}.Release|Any CPU.ActiveCfg = Release|Any CPU
		{99FA34EE-D8B6-4BE3-9A75-C0ECA693CA4B}.Release|Any CPU.Build.0 = Release|Any CPU
		{BCFD2B56-08BB-49B4-9218-CBBBCE6A3C76}.Debug|Any CPU.ActiveCfg = Debug|Any CPU
		{BCFD2B56-08BB-49B4-9218-CBBBCE6A3C76}.Debug|Any CPU.Build.0 = Debug|Any CPU
		{BCFD2B56-08BB-49B4-9218-CBBBCE6A3C76}.Release|Any CPU.ActiveCfg = Release|Any CPU
		{BCFD2B56-08BB-49B4-9218-CBBBCE6A3C76}.Release|Any CPU.Build.0 = Release|Any CPU
		{D155C2D4-1348-4DDC-A33B-1C8F16B08B13}.Debug|Any CPU.ActiveCfg = Debug|Any CPU
		{D155C2D4-1348-4DDC-A33B-1C8F16B08B13}.Debug|Any CPU.Build.0 = Debug|Any CPU
		{D155C2D4-1348-4DDC-A33B-1C8F16B08B13}.Release|Any CPU.ActiveCfg = Release|Any CPU
		{D155C2D4-1348-4DDC-A33B-1C8F16B08B13}.Release|Any CPU.Build.0 = Release|Any CPU
		{5FF3BA33-C51A-442A-886B-FB0882F773B3}.Debug|Any CPU.ActiveCfg = Debug|Any CPU
		{5FF3BA33-C51A-442A-886B-FB0882F773B3}.Debug|Any CPU.Build.0 = Debug|Any CPU
		{5FF3BA33-C51A-442A-886B-FB0882F773B3}.Release|Any CPU.ActiveCfg = Release|Any CPU
		{5FF3BA33-C51A-442A-886B-FB0882F773B3}.Release|Any CPU.Build.0 = Release|Any CPU
		{214811B8-5C4F-443C-9DC2-58D5FD3E3469}.Debug|Any CPU.ActiveCfg = Debug|Any CPU
		{214811B8-5C4F-443C-9DC2-58D5FD3E3469}.Debug|Any CPU.Build.0 = Debug|Any CPU
		{214811B8-5C4F-443C-9DC2-58D5FD3E3469}.Release|Any CPU.ActiveCfg = Release|Any CPU
		{214811B8-5C4F-443C-9DC2-58D5FD3E3469}.Release|Any CPU.Build.0 = Release|Any CPU
		{D7A5AFCC-3067-4F9A-928C-DBD139975F69}.Debug|Any CPU.ActiveCfg = Debug|Any CPU
		{D7A5AFCC-3067-4F9A-928C-DBD139975F69}.Debug|Any CPU.Build.0 = Debug|Any CPU
		{D7A5AFCC-3067-4F9A-928C-DBD139975F69}.Release|Any CPU.ActiveCfg = Release|Any CPU
		{D7A5AFCC-3067-4F9A-928C-DBD139975F69}.Release|Any CPU.Build.0 = Release|Any CPU
		{CD606BEA-5640-41F9-8323-F65E80A97416}.Debug|Any CPU.ActiveCfg = Debug|Any CPU
		{CD606BEA-5640-41F9-8323-F65E80A97416}.Debug|Any CPU.Build.0 = Debug|Any CPU
		{CD606BEA-5640-41F9-8323-F65E80A97416}.Release|Any CPU.ActiveCfg = Release|Any CPU
		{CD606BEA-5640-41F9-8323-F65E80A97416}.Release|Any CPU.Build.0 = Release|Any CPU
		{BC1D2961-D53F-4FBB-9981-B0AAB6374F28}.Debug|Any CPU.ActiveCfg = Debug|Any CPU
		{BC1D2961-D53F-4FBB-9981-B0AAB6374F28}.Debug|Any CPU.Build.0 = Debug|Any CPU
		{BC1D2961-D53F-4FBB-9981-B0AAB6374F28}.Release|Any CPU.ActiveCfg = Release|Any CPU
		{BC1D2961-D53F-4FBB-9981-B0AAB6374F28}.Release|Any CPU.Build.0 = Release|Any CPU
		{16BD6C30-C1F3-4824-A669-A7327A5185D2}.Debug|Any CPU.ActiveCfg = Debug|Any CPU
		{16BD6C30-C1F3-4824-A669-A7327A5185D2}.Debug|Any CPU.Build.0 = Debug|Any CPU
		{16BD6C30-C1F3-4824-A669-A7327A5185D2}.Release|Any CPU.ActiveCfg = Release|Any CPU
		{16BD6C30-C1F3-4824-A669-A7327A5185D2}.Release|Any CPU.Build.0 = Release|Any CPU
		{846E6422-1819-49D8-A528-F31D361372D9}.Debug|Any CPU.ActiveCfg = Debug|Any CPU
		{846E6422-1819-49D8-A528-F31D361372D9}.Debug|Any CPU.Build.0 = Debug|Any CPU
		{846E6422-1819-49D8-A528-F31D361372D9}.Release|Any CPU.ActiveCfg = Release|Any CPU
		{846E6422-1819-49D8-A528-F31D361372D9}.Release|Any CPU.Build.0 = Release|Any CPU
		{7166EC3A-A058-4981-BFFE-7A71AB9689EC}.Debug|Any CPU.ActiveCfg = Debug|Any CPU
		{7166EC3A-A058-4981-BFFE-7A71AB9689EC}.Debug|Any CPU.Build.0 = Debug|Any CPU
		{7166EC3A-A058-4981-BFFE-7A71AB9689EC}.Release|Any CPU.ActiveCfg = Release|Any CPU
		{7166EC3A-A058-4981-BFFE-7A71AB9689EC}.Release|Any CPU.Build.0 = Release|Any CPU
		{4964E077-083D-4213-9EE0-C09C83ABBCA1}.Debug|Any CPU.ActiveCfg = Debug|Any CPU
		{4964E077-083D-4213-9EE0-C09C83ABBCA1}.Debug|Any CPU.Build.0 = Debug|Any CPU
		{4964E077-083D-4213-9EE0-C09C83ABBCA1}.Release|Any CPU.ActiveCfg = Release|Any CPU
		{4964E077-083D-4213-9EE0-C09C83ABBCA1}.Release|Any CPU.Build.0 = Release|Any CPU
		{340207E4-BCA2-4677-8C99-3649589513AB}.Debug|Any CPU.ActiveCfg = Debug|Any CPU
		{340207E4-BCA2-4677-8C99-3649589513AB}.Debug|Any CPU.Build.0 = Debug|Any CPU
		{340207E4-BCA2-4677-8C99-3649589513AB}.Release|Any CPU.ActiveCfg = Release|Any CPU
		{340207E4-BCA2-4677-8C99-3649589513AB}.Release|Any CPU.Build.0 = Release|Any CPU
		{3F6F348E-5494-4864-9E86-BA1AEB5705A2}.Debug|Any CPU.ActiveCfg = Debug|Any CPU
		{3F6F348E-5494-4864-9E86-BA1AEB5705A2}.Debug|Any CPU.Build.0 = Debug|Any CPU
		{3F6F348E-5494-4864-9E86-BA1AEB5705A2}.Release|Any CPU.ActiveCfg = Release|Any CPU
		{3F6F348E-5494-4864-9E86-BA1AEB5705A2}.Release|Any CPU.Build.0 = Release|Any CPU
		{A7ED809B-8CAB-4857-9A4E-7C447BF5293E}.Debug|Any CPU.ActiveCfg = Debug|Any CPU
		{A7ED809B-8CAB-4857-9A4E-7C447BF5293E}.Debug|Any CPU.Build.0 = Debug|Any CPU
		{A7ED809B-8CAB-4857-9A4E-7C447BF5293E}.Release|Any CPU.ActiveCfg = Release|Any CPU
		{A7ED809B-8CAB-4857-9A4E-7C447BF5293E}.Release|Any CPU.Build.0 = Release|Any CPU
		{0A930C7B-AFE3-4724-B571-91336AC76D7B}.Debug|Any CPU.ActiveCfg = Debug|Any CPU
		{0A930C7B-AFE3-4724-B571-91336AC76D7B}.Debug|Any CPU.Build.0 = Debug|Any CPU
		{0A930C7B-AFE3-4724-B571-91336AC76D7B}.Release|Any CPU.ActiveCfg = Release|Any CPU
		{0A930C7B-AFE3-4724-B571-91336AC76D7B}.Release|Any CPU.Build.0 = Release|Any CPU
		{29B3AD98-F9A1-43C5-9CF4-DF034AFFF30F}.Debug|Any CPU.ActiveCfg = Debug|Any CPU
		{29B3AD98-F9A1-43C5-9CF4-DF034AFFF30F}.Debug|Any CPU.Build.0 = Debug|Any CPU
		{29B3AD98-F9A1-43C5-9CF4-DF034AFFF30F}.Release|Any CPU.ActiveCfg = Release|Any CPU
		{29B3AD98-F9A1-43C5-9CF4-DF034AFFF30F}.Release|Any CPU.Build.0 = Release|Any CPU
		{8C50A5E0-76F2-44E2-86D6-FD1BDC53DAB4}.Debug|Any CPU.ActiveCfg = Debug|Any CPU
		{8C50A5E0-76F2-44E2-86D6-FD1BDC53DAB4}.Debug|Any CPU.Build.0 = Debug|Any CPU
		{8C50A5E0-76F2-44E2-86D6-FD1BDC53DAB4}.Release|Any CPU.ActiveCfg = Release|Any CPU
		{8C50A5E0-76F2-44E2-86D6-FD1BDC53DAB4}.Release|Any CPU.Build.0 = Release|Any CPU
		{571F4D4B-B0BC-4F67-9940-5365F4D27143}.Debug|Any CPU.ActiveCfg = Debug|Any CPU
		{571F4D4B-B0BC-4F67-9940-5365F4D27143}.Debug|Any CPU.Build.0 = Debug|Any CPU
		{571F4D4B-B0BC-4F67-9940-5365F4D27143}.Release|Any CPU.ActiveCfg = Release|Any CPU
		{571F4D4B-B0BC-4F67-9940-5365F4D27143}.Release|Any CPU.Build.0 = Release|Any CPU
		{21A5206E-4553-475C-AFE1-CDE1D38B1BD5}.Debug|Any CPU.ActiveCfg = Debug|Any CPU
		{21A5206E-4553-475C-AFE1-CDE1D38B1BD5}.Debug|Any CPU.Build.0 = Debug|Any CPU
		{21A5206E-4553-475C-AFE1-CDE1D38B1BD5}.Release|Any CPU.ActiveCfg = Release|Any CPU
		{21A5206E-4553-475C-AFE1-CDE1D38B1BD5}.Release|Any CPU.Build.0 = Release|Any CPU
		{4BEE8713-00D8-4792-9D19-414A3A5B920D}.Debug|Any CPU.ActiveCfg = Debug|Any CPU
		{4BEE8713-00D8-4792-9D19-414A3A5B920D}.Debug|Any CPU.Build.0 = Debug|Any CPU
		{4BEE8713-00D8-4792-9D19-414A3A5B920D}.Release|Any CPU.ActiveCfg = Release|Any CPU
		{4BEE8713-00D8-4792-9D19-414A3A5B920D}.Release|Any CPU.Build.0 = Release|Any CPU
		{6EA15E73-A9E0-49F1-A822-066047A5FFA8}.Debug|Any CPU.ActiveCfg = Debug|Any CPU
		{6EA15E73-A9E0-49F1-A822-066047A5FFA8}.Debug|Any CPU.Build.0 = Debug|Any CPU
		{6EA15E73-A9E0-49F1-A822-066047A5FFA8}.Release|Any CPU.ActiveCfg = Release|Any CPU
		{6EA15E73-A9E0-49F1-A822-066047A5FFA8}.Release|Any CPU.Build.0 = Release|Any CPU
		{ED83FE44-F83C-4B38-B6B3-412E13D8C9FD}.Debug|Any CPU.ActiveCfg = Debug|Any CPU
		{ED83FE44-F83C-4B38-B6B3-412E13D8C9FD}.Debug|Any CPU.Build.0 = Debug|Any CPU
		{ED83FE44-F83C-4B38-B6B3-412E13D8C9FD}.Release|Any CPU.ActiveCfg = Release|Any CPU
		{ED83FE44-F83C-4B38-B6B3-412E13D8C9FD}.Release|Any CPU.Build.0 = Release|Any CPU
		{158D59D7-C148-4994-8AFE-61DB187016E6}.Debug|Any CPU.ActiveCfg = Debug|Any CPU
		{158D59D7-C148-4994-8AFE-61DB187016E6}.Debug|Any CPU.Build.0 = Debug|Any CPU
		{158D59D7-C148-4994-8AFE-61DB187016E6}.Release|Any CPU.ActiveCfg = Release|Any CPU
		{158D59D7-C148-4994-8AFE-61DB187016E6}.Release|Any CPU.Build.0 = Release|Any CPU
		{225BF565-98F6-424A-8AC2-BC3BBAFE6285}.Debug|Any CPU.ActiveCfg = Debug|Any CPU
		{225BF565-98F6-424A-8AC2-BC3BBAFE6285}.Debug|Any CPU.Build.0 = Debug|Any CPU
		{225BF565-98F6-424A-8AC2-BC3BBAFE6285}.Release|Any CPU.ActiveCfg = Release|Any CPU
		{225BF565-98F6-424A-8AC2-BC3BBAFE6285}.Release|Any CPU.Build.0 = Release|Any CPU
		{957C9990-225E-427F-9B86-0D82A2852FEE}.Debug|Any CPU.ActiveCfg = Debug|Any CPU
		{957C9990-225E-427F-9B86-0D82A2852FEE}.Debug|Any CPU.Build.0 = Debug|Any CPU
		{957C9990-225E-427F-9B86-0D82A2852FEE}.Release|Any CPU.ActiveCfg = Release|Any CPU
		{957C9990-225E-427F-9B86-0D82A2852FEE}.Release|Any CPU.Build.0 = Release|Any CPU
		{34E4E08C-D2C5-4C54-8A92-8577F8D66321}.Debug|Any CPU.ActiveCfg = Debug|Any CPU
		{34E4E08C-D2C5-4C54-8A92-8577F8D66321}.Debug|Any CPU.Build.0 = Debug|Any CPU
		{34E4E08C-D2C5-4C54-8A92-8577F8D66321}.Release|Any CPU.ActiveCfg = Release|Any CPU
		{34E4E08C-D2C5-4C54-8A92-8577F8D66321}.Release|Any CPU.Build.0 = Release|Any CPU
	EndGlobalSection
	GlobalSection(SolutionProperties) = preSolution
		HideSolutionNode = FALSE
	EndGlobalSection
	GlobalSection(NestedProjects) = preSolution
		{09A3DACA-D18A-4057-8CED-F553691BD460} = {02EA681E-C7D8-13C7-8484-4AC65E1B71E8}
		{12A1530D-871A-4F2B-A0AF-A4B9C32880D2} = {02EA681E-C7D8-13C7-8484-4AC65E1B71E8}
		{04DD97C1-57CC-42FB-9316-9FCAF4A33A3D} = {12A1530D-871A-4F2B-A0AF-A4B9C32880D2}
		{4A43F8AD-A143-47FA-8D5E-22F5CA65D351} = {12A1530D-871A-4F2B-A0AF-A4B9C32880D2}
		{AE7DDA6F-8BB7-4585-8630-09F01AC1A7D8} = {12A1530D-871A-4F2B-A0AF-A4B9C32880D2}
		{818CEB85-66F8-4168-9B85-5BF7FC70A5A6} = {12A1530D-871A-4F2B-A0AF-A4B9C32880D2}
		{44354CD1-6F83-4B3F-9906-26F82C565EB3} = {02EA681E-C7D8-13C7-8484-4AC65E1B71E8}
		{99FA34EE-D8B6-4BE3-9A75-C0ECA693CA4B} = {44354CD1-6F83-4B3F-9906-26F82C565EB3}
		{BCFD2B56-08BB-49B4-9218-CBBBCE6A3C76} = {44354CD1-6F83-4B3F-9906-26F82C565EB3}
		{D155C2D4-1348-4DDC-A33B-1C8F16B08B13} = {44354CD1-6F83-4B3F-9906-26F82C565EB3}
		{5FF3BA33-C51A-442A-886B-FB0882F773B3} = {44354CD1-6F83-4B3F-9906-26F82C565EB3}
		{7C180145-F0C6-4310-8124-078B60A15831} = {02EA681E-C7D8-13C7-8484-4AC65E1B71E8}
		{214811B8-5C4F-443C-9DC2-58D5FD3E3469} = {7C180145-F0C6-4310-8124-078B60A15831}
		{D7A5AFCC-3067-4F9A-928C-DBD139975F69} = {7C180145-F0C6-4310-8124-078B60A15831}
		{CD606BEA-5640-41F9-8323-F65E80A97416} = {7C180145-F0C6-4310-8124-078B60A15831}
		{BC1D2961-D53F-4FBB-9981-B0AAB6374F28} = {7C180145-F0C6-4310-8124-078B60A15831}
		{1ECA12C0-EE92-4131-BDBE-167E0E7089C3} = {02EA681E-C7D8-13C7-8484-4AC65E1B71E8}
		{16BD6C30-C1F3-4824-A669-A7327A5185D2} = {1ECA12C0-EE92-4131-BDBE-167E0E7089C3}
		{846E6422-1819-49D8-A528-F31D361372D9} = {1ECA12C0-EE92-4131-BDBE-167E0E7089C3}
		{7166EC3A-A058-4981-BFFE-7A71AB9689EC} = {1ECA12C0-EE92-4131-BDBE-167E0E7089C3}
		{4964E077-083D-4213-9EE0-C09C83ABBCA1} = {1ECA12C0-EE92-4131-BDBE-167E0E7089C3}
		{697D8FED-C47A-42E6-8F72-3D47F1FBDACF} = {02EA681E-C7D8-13C7-8484-4AC65E1B71E8}
		{340207E4-BCA2-4677-8C99-3649589513AB} = {697D8FED-C47A-42E6-8F72-3D47F1FBDACF}
		{3F6F348E-5494-4864-9E86-BA1AEB5705A2} = {697D8FED-C47A-42E6-8F72-3D47F1FBDACF}
		{A7ED809B-8CAB-4857-9A4E-7C447BF5293E} = {697D8FED-C47A-42E6-8F72-3D47F1FBDACF}
		{0A930C7B-AFE3-4724-B571-91336AC76D7B} = {697D8FED-C47A-42E6-8F72-3D47F1FBDACF}
		{E8C434DB-EFAD-4D72-B644-667F09850DFD} = {02EA681E-C7D8-13C7-8484-4AC65E1B71E8}
		{29B3AD98-F9A1-43C5-9CF4-DF034AFFF30F} = {E8C434DB-EFAD-4D72-B644-667F09850DFD}
		{8C50A5E0-76F2-44E2-86D6-FD1BDC53DAB4} = {E8C434DB-EFAD-4D72-B644-667F09850DFD}
		{571F4D4B-B0BC-4F67-9940-5365F4D27143} = {E8C434DB-EFAD-4D72-B644-667F09850DFD}
		{21A5206E-4553-475C-AFE1-CDE1D38B1BD5} = {E8C434DB-EFAD-4D72-B644-667F09850DFD}
		{357224A6-81DF-4A9B-B0A9-64601FC50384} = {02EA681E-C7D8-13C7-8484-4AC65E1B71E8}
		{4BEE8713-00D8-4792-9D19-414A3A5B920D} = {357224A6-81DF-4A9B-B0A9-64601FC50384}
		{6EA15E73-A9E0-49F1-A822-066047A5FFA8} = {357224A6-81DF-4A9B-B0A9-64601FC50384}
		{ED83FE44-F83C-4B38-B6B3-412E13D8C9FD} = {357224A6-81DF-4A9B-B0A9-64601FC50384}
		{158D59D7-C148-4994-8AFE-61DB187016E6} = {357224A6-81DF-4A9B-B0A9-64601FC50384}
		{225BF565-98F6-424A-8AC2-BC3BBAFE6285} = {C2E0B250-AF6B-4DCA-BFF7-CE9AC2F5C53B}
		{957C9990-225E-427F-9B86-0D82A2852FEE} = {C2E0B250-AF6B-4DCA-BFF7-CE9AC2F5C53B}
		{34E4E08C-D2C5-4C54-8A92-8577F8D66321} = {C2E0B250-AF6B-4DCA-BFF7-CE9AC2F5C53B}
	EndGlobalSection
	GlobalSection(ExtensibilityGlobals) = postSolution
		SolutionGuid = {E44CDCD8-5298-409D-89E3-4FCDC8DB942A}
	EndGlobalSection
EndGlobal
